Microsoft Visual Studio Solution File, Format Version 12.00
# Visual Studio Version 17
VisualStudioVersion = 17.5.2.0
MinimumVisualStudioVersion = 10.0.40219.1
Project("{9A19103F-16F7-4668-BE54-9A1E7A4F7556}") = "ReadMindMe.API", "ReadMindMe.API\ReadMindMe.API.csproj", "{A9020982-EFCC-3858-3AFA-A74EC0931490}"
EndProject
Project("{9A19103F-16F7-4668-BE54-9A1E7A4F7556}") = "ReadMindMe.Application", "ReadMindMe.Application\ReadMindMe.Application.csproj", "{6262A4B1-F11D-B796-FE3F-75B5BB7B92DB}"
EndProject
Project("{9A19103F-16F7-4668-BE54-9A1E7A4F7556}") = "ReadMindMe.Domain", "ReadMindMe.Domain\ReadMindMe.Domain.csproj", "{22A1E599-6717-5CA8-9735-DF9FA57480B4}"
EndProject
Project("{9A19103F-16F7-4668-BE54-9A1E7A4F7556}") = "ReadMindMe.Infrastructure", "ReadMindMe.Infrastructure\ReadMindMe.Infrastructure.csproj", "{7526EE50-77D7-1F7C-15A1-F1B025E04C97}"
EndProject
Project("{9A19103F-16F7-4668-BE54-9A1E7A4F7556}") = "ReadMindMe.Tests", "ReadMindMe.Tests\ReadMindMe.Tests.csproj", "{6DCB008F-C420-42B6-13F5-43BB0CBB1641}"
EndProject
Project("{E53339B2-1760-4266-BCC7-CA923CBCF16C}") = "docker-compose", "docker-compose.dcproj", "{2E2367FF-F1F9-4B74-B384-A4EBA4095EE2}"
EndProject
Global
	GlobalSection(SolutionConfigurationPlatforms) = preSolution
		Debug|Any CPU = Debug|Any CPU
		Release|Any CPU = Release|Any CPU
	EndGlobalSection
	GlobalSection(ProjectConfigurationPlatforms) = postSolution
		{A9020982-EFCC-3858-3AFA-A74EC0931490}.Debug|Any CPU.ActiveCfg = Debug|Any CPU
		{A9020982-EFCC-3858-3AFA-A74EC0931490}.Debug|Any CPU.Build.0 = Debug|Any CPU
		{A9020982-EFCC-3858-3AFA-A74EC0931490}.Release|Any CPU.ActiveCfg = Release|Any CPU
		{A9020982-EFCC-3858-3AFA-A74EC0931490}.Release|Any CPU.Build.0 = Release|Any CPU
		{6262A4B1-F11D-B796-FE3F-75B5BB7B92DB}.Debug|Any CPU.ActiveCfg = Debug|Any CPU
		{6262A4B1-F11D-B796-FE3F-75B5BB7B92DB}.Debug|Any CPU.Build.0 = Debug|Any CPU
		{6262A4B1-F11D-B796-FE3F-75B5BB7B92DB}.Release|Any CPU.ActiveCfg = Release|Any CPU
		{6262A4B1-F11D-B796-FE3F-75B5BB7B92DB}.Release|Any CPU.Build.0 = Release|Any CPU
		{22A1E599-6717-5CA8-9735-DF9FA57480B4}.Debug|Any CPU.ActiveCfg = Debug|Any CPU
		{22A1E599-6717-5CA8-9735-DF9FA57480B4}.Debug|Any CPU.Build.0 = Debug|Any CPU
		{22A1E599-6717-5CA8-9735-DF9FA57480B4}.Release|Any CPU.ActiveCfg = Release|Any CPU
		{22A1E599-6717-5CA8-9735-DF9FA57480B4}.Release|Any CPU.Build.0 = Release|Any CPU
		{7526EE50-77D7-1F7C-15A1-F1B025E04C97}.Debug|Any CPU.ActiveCfg = Debug|Any CPU
		{7526EE50-77D7-1F7C-15A1-F1B025E04C97}.Debug|Any CPU.Build.0 = Debug|Any CPU
		{7526EE50-77D7-1F7C-15A1-F1B025E04C97}.Release|Any CPU.ActiveCfg = Release|Any CPU
		{7526EE50-77D7-1F7C-15A1-F1B025E04C97}.Release|Any CPU.Build.0 = Release|Any CPU
		{6DCB008F-C420-42B6-13F5-43BB0CBB1641}.Debug|Any CPU.ActiveCfg = Debug|Any CPU
		{6DCB008F-C420-42B6-13F5-43BB0CBB1641}.Debug|Any CPU.Build.0 = Debug|Any CPU
		{6DCB008F-C420-42B6-13F5-43BB0CBB1641}.Release|Any CPU.ActiveCfg = Release|Any CPU
		{6DCB008F-C420-42B6-13F5-43BB0CBB1641}.Release|Any CPU.Build.0 = Release|Any CPU
		{2E2367FF-F1F9-4B74-B384-A4EBA4095EE2}.Debug|Any CPU.ActiveCfg = Debug|Any CPU
		{2E2367FF-F1F9-4B74-B384-A4EBA4095EE2}.Debug|Any CPU.Build.0 = Debug|Any CPU
		{2E2367FF-F1F9-4B74-B384-A4EBA4095EE2}.Release|Any CPU.ActiveCfg = Release|Any CPU
		{2E2367FF-F1F9-4B74-B384-A4EBA4095EE2}.Release|Any CPU.Build.0 = Release|Any CPU
	EndGlobalSection
	GlobalSection(SolutionProperties) = preSolution
		HideSolutionNode = FALSE
	EndGlobalSection
	GlobalSection(ExtensibilityGlobals) = postSolution
		SolutionGuid = {92884B22-3A47-4C37-905E-0BF417617B29}
	EndGlobalSection
EndGlobal
